
Microsoft Visual Studio Solution File, Format Version 10.00
# Visual Studio 2008
Project("{8BC9CEB8-8B4A-11D0-8D11-00A0C91BC942}") = "network_lib", "network_lib\network_lib.vcproj", "{49EBD423-0C5B-4830-ABC8-D5EC1E3A6309}"
EndProject
Project("{8BC9CEB8-8B4A-11D0-8D11-00A0C91BC942}") = "thread_lib", "thread_lib\thread_lib.vcproj", "{1811289C-6AAD-409F-844C-E737C7DD0743}"
EndProject
Project("{8BC9CEB8-8B4A-11D0-8D11-00A0C91BC942}") = "file_server", "file_server\file_server.vcproj", "{9ED4B128-9450-42A6-99C3-9748C2B4B92D}"
	ProjectSection(ProjectDependencies) = postProject
		{49EBD423-0C5B-4830-ABC8-D5EC1E3A6309} = {49EBD423-0C5B-4830-ABC8-D5EC1E3A6309}
		{1811289C-6AAD-409F-844C-E737C7DD0743} = {1811289C-6AAD-409F-844C-E737C7DD0743}
	EndProjectSection
EndProject
Project("{8BC9CEB8-8B4A-11D0-8D11-00A0C91BC942}") = "file_client", "file_client\file_client.vcproj", "{74FDB7F7-9F52-44C3-8816-F858620C93AB}"
	ProjectSection(ProjectDependencies) = postProject
		{49EBD423-0C5B-4830-ABC8-D5EC1E3A6309} = {49EBD423-0C5B-4830-ABC8-D5EC1E3A6309}
		{1811289C-6AAD-409F-844C-E737C7DD0743} = {1811289C-6AAD-409F-844C-E737C7DD0743}
	EndProjectSection
EndProject
Global
	GlobalSection(SolutionConfigurationPlatforms) = preSolution
		Debug|Win32 = Debug|Win32
		Release|Win32 = Release|Win32
	EndGlobalSection
	GlobalSection(ProjectConfigurationPlatforms) = postSolution
		{49EBD423-0C5B-4830-ABC8-D5EC1E3A6309}.Debug|Win32.ActiveCfg = Debug|Win32
		{49EBD423-0C5B-4830-ABC8-D5EC1E3A6309}.Debug|Win32.Build.0 = Debug|Win32
		{49EBD423-0C5B-4830-ABC8-D5EC1E3A6309}.Release|Win32.ActiveCfg = Release|Win32
		{49EBD423-0C5B-4830-ABC8-D5EC1E3A6309}.Release|Win32.Build.0 = Release|Win32
		{1811289C-6AAD-409F-844C-E737C7DD0743}.Debug|Win32.ActiveCfg = Debug|Win32
		{1811289C-6AAD-409F-844C-E737C7DD0743}.Debug|Win32.Build.0 = Debug|Win32
		{1811289C-6AAD-409F-844C-E737C7DD0743}.Release|Win32.ActiveCfg = Release|Win32
		{1811289C-6AAD-409F-844C-E737C7DD0743}.Release|Win32.Build.0 = Release|Win32
		{9ED4B128-9450-42A6-99C3-9748C2B4B92D}.Debug|Win32.ActiveCfg = Debug|Win32
		{9ED4B128-9450-42A6-99C3-9748C2B4B92D}.Debug|Win32.Build.0 = Debug|Win32
		{9ED4B128-9450-42A6-99C3-9748C2B4B92D}.Release|Win32.ActiveCfg = Release|Win32
		{9ED4B128-9450-42A6-99C3-9748C2B4B92D}.Release|Win32.Build.0 = Release|Win32
		{74FDB7F7-9F52-44C3-8816-F858620C93AB}.Debug|Win32.ActiveCfg = Debug|Win32
		{74FDB7F7-9F52-44C3-8816-F858620C93AB}.Debug|Win32.Build.0 = Debug|Win32
		{74FDB7F7-9F52-44C3-8816-F858620C93AB}.Release|Win32.ActiveCfg = Release|Win32
		{74FDB7F7-9F52-44C3-8816-F858620C93AB}.Release|Win32.Build.0 = Release|Win32
	EndGlobalSection
	GlobalSection(SolutionProperties) = preSolution
		HideSolutionNode = FALSE
	EndGlobalSection
EndGlobal
